
Microsoft Visual Studio Solution File, Format Version 12.00
# Visual Studio 15
VisualStudioVersion = 15.0.27703.2042
MinimumVisualStudioVersion = 10.0.40219.1
Project("{FAE04EC0-301F-11D3-BF4B-00C04F79EFBC}") = "Comp229_GroupOnlineBook", "Comp229_GroupOnlineBook\Comp229_GroupOnlineBook.csproj", "{F413470C-2F2F-4CF6-AF7C-EC2D41FD6720}"
EndProject
Global
	GlobalSection(SolutionConfigurationPlatforms) = preSolution
		Debug|Any CPU = Debug|Any CPU
		Release|Any CPU = Release|Any CPU
	EndGlobalSection
	GlobalSection(ProjectConfigurationPlatforms) = postSolution
		{F413470C-2F2F-4CF6-AF7C-EC2D41FD6720}.Debug|Any CPU.ActiveCfg = Debug|Any CPU
		{F413470C-2F2F-4CF6-AF7C-EC2D41FD6720}.Debug|Any CPU.Build.0 = Debug|Any CPU
		{F413470C-2F2F-4CF6-AF7C-EC2D41FD6720}.Release|Any CPU.ActiveCfg = Release|Any CPU
		{F413470C-2F2F-4CF6-AF7C-EC2D41FD6720}.Release|Any CPU.Build.0 = Release|Any CPU
	EndGlobalSection
	GlobalSection(SolutionProperties) = preSolution
		HideSolutionNode = FALSE
	EndGlobalSection
	GlobalSection(ExtensibilityGlobals) = postSolution
		SolutionGuid = {6AEE7772-D6CE-4519-8F6C-A278F1A10028}
	EndGlobalSection
EndGlobal
